
Microsoft Visual Studio Solution File, Format Version 12.00
# Visual Studio Version 16
VisualStudioVersion = 16.0.31424.327
MinimumVisualStudioVersion = 10.0.40219.1
Project("{FAE04EC0-301F-11D3-BF4B-00C04F79EFBC}") = "LogisticsEfficiencyProblem", "LogisticsEfficiencyProblem\LogisticsEfficiencyProblem.csproj", "{09E3D136-B342-42BB-ABEA-A528B0C1113F}"
EndProject
Global
	GlobalSection(SolutionConfigurationPlatforms) = preSolution
		Debug|Any CPU = Debug|Any CPU
		Release|Any CPU = Release|Any CPU
	EndGlobalSection
	GlobalSection(ProjectConfigurationPlatforms) = postSolution
		{09E3D136-B342-42BB-ABEA-A528B0C1113F}.Debug|Any CPU.ActiveCfg = Debug|Any CPU
		{09E3D136-B342-42BB-ABEA-A528B0C1113F}.Debug|Any CPU.Build.0 = Debug|Any CPU
		{09E3D136-B342-42BB-ABEA-A528B0C1113F}.Release|Any CPU.ActiveCfg = Release|Any CPU
		{09E3D136-B342-42BB-ABEA-A528B0C1113F}.Release|Any CPU.Build.0 = Release|Any CPU
	EndGlobalSection
	GlobalSection(SolutionProperties) = preSolution
		HideSolutionNode = FALSE
	EndGlobalSection
	GlobalSection(ExtensibilityGlobals) = postSolution
		SolutionGuid = {6F43A292-08D4-47B5-8875-2DD0F77D7E36}
	EndGlobalSection
EndGlobal
