
Microsoft Visual Studio Solution File, Format Version 12.00
# Visual Studio Version 16
VisualStudioVersion = 16.0.31424.327
MinimumVisualStudioVersion = 10.0.40219.1
Project("{FAE04EC0-301F-11D3-BF4B-00C04F79EFBC}") = "LogisticsEfficiencyProblem", "LogisticsEfficiencyProblem\LogisticsEfficiencyProblem.csproj", "{09E3D136-B342-42BB-ABEA-A528B0C1113F}"
EndProject
Project("{FAE04EC0-301F-11D3-BF4B-00C04F79EFBC}") = "LogisticsEffiencyTests", "LogisticsEffiencyTests\LogisticsEffiencyTests.csproj", "{2EACA61D-F57F-40BC-93E6-21DC355B411E}"
	ProjectSection(ProjectDependencies) = postProject
		{09E3D136-B342-42BB-ABEA-A528B0C1113F} = {09E3D136-B342-42BB-ABEA-A528B0C1113F}
	EndProjectSection
EndProject
Global
	GlobalSection(SolutionConfigurationPlatforms) = preSolution
		Debug|Any CPU = Debug|Any CPU
		Debug|x64 = Debug|x64
		Release|Any CPU = Release|Any CPU
		Release|x64 = Release|x64
	EndGlobalSection
	GlobalSection(ProjectConfigurationPlatforms) = postSolution
		{09E3D136-B342-42BB-ABEA-A528B0C1113F}.Debug|Any CPU.ActiveCfg = Debug|Any CPU
		{09E3D136-B342-42BB-ABEA-A528B0C1113F}.Debug|Any CPU.Build.0 = Debug|Any CPU
		{09E3D136-B342-42BB-ABEA-A528B0C1113F}.Debug|x64.ActiveCfg = Debug|Any CPU
		{09E3D136-B342-42BB-ABEA-A528B0C1113F}.Debug|x64.Build.0 = Debug|Any CPU
		{09E3D136-B342-42BB-ABEA-A528B0C1113F}.Release|Any CPU.ActiveCfg = Release|Any CPU
		{09E3D136-B342-42BB-ABEA-A528B0C1113F}.Release|Any CPU.Build.0 = Release|Any CPU
		{09E3D136-B342-42BB-ABEA-A528B0C1113F}.Release|x64.ActiveCfg = Release|x64
		{09E3D136-B342-42BB-ABEA-A528B0C1113F}.Release|x64.Build.0 = Release|x64
		{2EACA61D-F57F-40BC-93E6-21DC355B411E}.Debug|Any CPU.ActiveCfg = Debug|Any CPU
		{2EACA61D-F57F-40BC-93E6-21DC355B411E}.Debug|Any CPU.Build.0 = Debug|Any CPU
		{2EACA61D-F57F-40BC-93E6-21DC355B411E}.Debug|x64.ActiveCfg = Debug|Any CPU
		{2EACA61D-F57F-40BC-93E6-21DC355B411E}.Debug|x64.Build.0 = Debug|Any CPU
		{2EACA61D-F57F-40BC-93E6-21DC355B411E}.Release|Any CPU.ActiveCfg = Release|Any CPU
		{2EACA61D-F57F-40BC-93E6-21DC355B411E}.Release|Any CPU.Build.0 = Release|Any CPU
		{2EACA61D-F57F-40BC-93E6-21DC355B411E}.Release|x64.ActiveCfg = Release|Any CPU
		{2EACA61D-F57F-40BC-93E6-21DC355B411E}.Release|x64.Build.0 = Release|Any CPU
	EndGlobalSection
	GlobalSection(SolutionProperties) = preSolution
		HideSolutionNode = FALSE
	EndGlobalSection
	GlobalSection(ExtensibilityGlobals) = postSolution
		SolutionGuid = {6F43A292-08D4-47B5-8875-2DD0F77D7E36}
	EndGlobalSection
EndGlobal
